// !$*UTF8*$!
{
	archiveVersion = 1;
	classes = {
	};
	objectVersion = 46;
	objects = {

/* Begin PBXBuildFile section */
		706286E61C05989400731008 /* main.m in Sources */ = {isa = PBXBuildFile; fileRef = 706286E51C05989400731008 /* main.m */; };
		706286E91C05989400731008 /* AppDelegate.m in Sources */ = {isa = PBXBuildFile; fileRef = 706286E81C05989400731008 /* AppDelegate.m */; };
		706286EC1C05989400731008 /* ViewController.m in Sources */ = {isa = PBXBuildFile; fileRef = 706286EB1C05989400731008 /* ViewController.m */; };
		706286EF1C05989400731008 /* Main.storyboard in Resources */ = {isa = PBXBuildFile; fileRef = 706286ED1C05989400731008 /* Main.storyboard */; };
		706286F11C05989400731008 /* Assets.xcassets in Resources */ = {isa = PBXBuildFile; fileRef = 706286F01C05989400731008 /* Assets.xcassets */; };
		706286F41C05989400731008 /* LaunchScreen.storyboard in Resources */ = {isa = PBXBuildFile; fileRef = 706286F21C05989400731008 /* LaunchScreen.storyboard */; };
/* End PBXBuildFile section */

/* Begin PBXFileReference section */
		706286E11C05989400731008 /* 通知的补充.app */ = {isa = PBXFileReference; explicitFileType = wrapper.application; includeInIndex = 0; path = "通知的补充.app"; sourceTree = BUILT_PRODUCTS_DIR; };
		706286E51C05989400731008 /* main.m */ = {isa = PBXFileReference; lastKnownFileType = sourcecode.c.objc; path = main.m; sourceTree = "<group>"; };
		706286E71C05989400731008 /* AppDelegate.h */ = {isa = PBXFileReference; lastKnownFileType = sourcecode.c.h; path = AppDelegate.h; sourceTree = "<group>"; };
		706286E81C05989400731008 /* AppDelegate.m */ = {isa = PBXFileReference; lastKnownFileType = sourcecode.c.objc; path = AppDelegate.m; sourceTree = "<group>"; };
		706286EA1C05989400731008 /* ViewController.h */ = {isa = PBXFileReference; lastKnownFileType = sourcecode.c.h; path = ViewController.h; sourceTree = "<group>"; };
		706286EB1C05989400731008 /* ViewController.m */ = {isa = PBXFileReference; lastKnownFileType = sourcecode.c.objc; path = ViewController.m; sourceTree = "<group>"; };
		706286EE1C05989400731008 /* Base */ = {isa = PBXFileReference; lastKnownFileType = file.storyboard; name = Base; path = Base.lproj/Main.storyboard; sourceTree = "<group>"; };
		706286F01C05989400731008 /* Assets.xcassets */ = {isa = PBXFileReference; lastKnownFileType = folder.assetcatalog; path = Assets.xcassets; sourceTree = "<group>"; };
		706286F31C05989400731008 /* Base */ = {isa = PBXFileReference; lastKnownFileType = file.storyboard; name = Base; path = Base.lproj/LaunchScreen.storyboard; sourceTree = "<group>"; };
		706286F51C05989400731008 /* Info.plist */ = {isa = PBXFileReference; lastKnownFileType = text.plist.xml; path = Info.plist; sourceTree = "<group>"; };
/* End PBXFileReference section */

/* Begin PBXFrameworksBuildPhase section */
		706286DE1C05989400731008 /* Frameworks */ = {
			isa = PBXFrameworksBuildPhase;
			buildActionMask = 2147483647;
			files = (
			);
			runOnlyForDeploymentPostprocessing = 0;
		};
/* End PBXFrameworksBuildPhase section */

/* Begin PBXGroup section */
		706286D81C05989400731008 = {
			isa = PBXGroup;
			children = (
				706286E31C05989400731008 /* 通知的补充 */,
				706286E21C05989400731008 /* Products */,
			);
			sourceTree = "<group>";
		};
		706286E21C05989400731008 /* Products */ = {
			isa = PBXGroup;
			children = (
				706286E11C05989400731008 /* 通知的补充.app */,
			);
			name = Products;
			sourceTree = "<group>";
		};
		706286E31C05989400731008 /* 通知的补充 */ = {
			isa = PBXGroup;
			children = (
				706286E71C05989400731008 /* AppDelegate.h */,
				706286E81C05989400731008 /* AppDelegate.m */,
				706286EA1C05989400731008 /* ViewController.h */,
				706286EB1C05989400731008 /* ViewController.m */,
				706286ED1C05989400731008 /* Main.storyboard */,
				706286F01C05989400731008 /* Assets.xcassets */,
				706286F21C05989400731008 /* LaunchScreen.storyboard */,
				706286F51C05989400731008 /* Info.plist */,
				706286E41C05989400731008 /* Supporting Files */,
			);
			path = "通知的补充";
			sourceTree = "<group>";
		};
		706286E41C05989400731008 /* Supporting Files */ = {
			isa = PBXGroup;
			children = (
				706286E51C05989400731008 /* main.m */,
			);
			name = "Supporting Files";
			sourceTree = "<group>";
		};
/* End PBXGroup section */

/* Begin PBXNativeTarget section */
		706286E01C05989400731008 /* 通知的补充 */ = {
			isa = PBXNativeTarget;
			buildConfigurationList = 706286F81C05989400731008 /* Build configuration list for PBXNativeTarget "通知的补充" */;
			buildPhases = (
				706286DD1C05989400731008 /* Sources */,
				706286DE1C05989400731008 /* Frameworks */,
				706286DF1C05989400731008 /* Resources */,
			);
			buildRules = (
			);
			dependencies = (
			);
			name = "通知的补充";
			productName = "通知的补充";
			productReference = 706286E11C05989400731008 /* 通知的补充.app */;
			productType = "com.apple.product-type.application";
		};
/* End PBXNativeTarget section */

/* Begin PBXProject section */
		706286D91C05989400731008 /* Project object */ = {
			isa = PBXProject;
			attributes = {
				LastUpgradeCheck = 0700;
				ORGANIZATIONNAME = xiaomage;
				TargetAttributes = {
					706286E01C05989400731008 = {
						CreatedOnToolsVersion = 7.0;
					};
				};
			};
			buildConfigurationList = 706286DC1C05989400731008 /* Build configuration list for PBXProject "通知的补充" */;
			compatibilityVersion = "Xcode 3.2";
			developmentRegion = English;
			hasScannedForEncodings = 0;
			knownRegions = (
				en,
				Base,
			);
			mainGroup = 706286D81C05989400731008;
			productRefGroup = 706286E21C05989400731008 /* Products */;
			projectDirPath = "";
			projectRoot = "";
			targets = (
				706286E01C05989400731008 /* 通知的补充 */,
			);
		};
/* End PBXProject section */

/* Begin PBXResourcesBuildPhase section */
		706286DF1C05989400731008 /* Resources */ = {
			isa = PBXResourcesBuildPhase;
			buildActionMask = 2147483647;
			files = (
				706286F41C05989400731008 /* LaunchScreen.storyboard in Resources */,
				706286F11C05989400731008 /* Assets.xcassets in Resources */,
				706286EF1C05989400731008 /* Main.storyboard in Resources */,
			);
			runOnlyForDeploymentPostprocessing = 0;
		};
/* End PBXResourcesBuildPhase section */

/* Begin PBXSourcesBuildPhase section */
		706286DD1C05989400731008 /* Sources */ = {
			isa = PBXSourcesBuildPhase;
			buildActionMask = 2147483647;
			files = (
				706286EC1C05989400731008 /* ViewController.m in Sources */,
				706286E91C05989400731008 /* AppDelegate.m in Sources */,
				706286E61C05989400731008 /* main.m in Sources */,
			);
			runOnlyForDeploymentPostprocessing = 0;
		};
/* End PBXSourcesBuildPhase section */

/* Begin PBXVariantGroup section */
		706286ED1C05989400731008 /* Main.storyboard */ = {
			isa = PBXVariantGroup;
			children = (
				706286EE1C05989400731008 /* Base */,
			);
			name = Main.storyboard;
			sourceTree = "<group>";
		};
		706286F21C05989400731008 /* LaunchScreen.storyboard */ = {
			isa = PBXVariantGroup;
			children = (
				706286F31C05989400731008 /* Base */,
			);
			name = LaunchScreen.storyboard;
			sourceTree = "<group>";
		};
/* End PBXVariantGroup section */

/* Begin XCBuildConfiguration section */
		706286F61C05989400731008 /* Debug */ = {
			isa = XCBuildConfiguration;
			buildSettings = {
				ALWAYS_SEARCH_USER_PATHS = NO;
				CLANG_CXX_LANGUAGE_STANDARD = "gnu++0x";
				CLANG_CXX_LIBRARY = "libc++";
				CLANG_ENABLE_MODULES = YES;
				CLANG_ENABLE_OBJC_ARC = YES;
				CLANG_WARN_BOOL_CONVERSION = YES;
				CLANG_WARN_CONSTANT_CONVERSION = YES;
				CLANG_WARN_DIRECT_OBJC_ISA_USAGE = YES_ERROR;
				CLANG_WARN_EMPTY_BODY = YES;
				CLANG_WARN_ENUM_CONVERSION = YES;
				CLANG_WARN_INT_CONVERSION = YES;
				CLANG_WARN_OBJC_ROOT_CLASS = YES_ERROR;
				CLANG_WARN_UNREACHABLE_CODE = YES;
				CLANG_WARN__DUPLICATE_METHOD_MATCH = YES;
				"CODE_SIGN_IDENTITY[sdk=iphoneos*]" = "iPhone Developer";
				COPY_PHASE_STRIP = NO;
				DEBUG_INFORMATION_FORMAT = dwarf;
				ENABLE_STRICT_OBJC_MSGSEND = YES;
				ENABLE_TESTABILITY = YES;
				GCC_C_LANGUAGE_STANDARD = gnu99;
				GCC_DYNAMIC_NO_PIC = NO;
				GCC_NO_COMMON_BLOCKS = YES;
				GCC_OPTIMIZATION_LEVEL = 0;
				GCC_PREPROCESSOR_DEFINITIONS = (
					"DEBUG=1",
					"$(inherited)",
				);
				GCC_WARN_64_TO_32_BIT_CONVERSION = YES;
				GCC_WARN_ABOUT_RETURN_TYPE = YES_ERROR;
				GCC_WARN_UNDECLARED_SELECTOR = YES;
				GCC_WARN_UNINITIALIZED_AUTOS = YES_AGGRESSIVE;
				GCC_WARN_UNUSED_FUNCTION = YES;
				GCC_WARN_UNUSED_VARIABLE = YES;
				IPHONEOS_DEPLOYMENT_TARGET = 9.0;
				MTL_ENABLE_DEBUG_INFO = YES;
				ONLY_ACTIVE_ARCH = YES;
				SDKROOT = iphoneos;
			};
			name = Debug;
		};
		706286F71C05989400731008 /* Release */ = {
			isa = XCBuildConfiguration;
			buildSettings = {
				ALWAYS_SEARCH_USER_PATHS = NO;
				CLANG_CXX_LANGUAGE_STANDARD = "gnu++0x";
				CLANG_CXX_LIBRARY = "libc++";
				CLANG_ENABLE_MODULES = YES;
				CLANG_ENABLE_OBJC_ARC = YES;
				CLANG_WARN_BOOL_CONVERSION = YES;
				CLANG_WARN_CONSTANT_CONVERSION = YES;
				CLANG_WARN_DIRECT_OBJC_ISA_USAGE = YES_ERROR;
				CLANG_WARN_EMPTY_BODY = YES;
				CLANG_WARN_ENUM_CONVERSION = YES;
				CLANG_WARN_INT_CONVERSION = YES;
				CLANG_WARN_OBJC_ROOT_CLASS = YES_ERROR;
				CLANG_WARN_UNREACHABLE_CODE = YES;
				CLANG_WARN__DUPLICATE_METHOD_MATCH = YES;
				"CODE_SIGN_IDENTITY[sdk=iphoneos*]" = "iPhone Developer";
				COPY_PHASE_STRIP = NO;
				DEBUG_INFORMATION_FORMAT = "dwarf-with-dsym";
				ENABLE_NS_ASSERTIONS = NO;
				ENABLE_STRICT_OBJC_MSGSEND = YES;
				GCC_C_LANGUAGE_STANDARD = gnu99;
				GCC_NO_COMMON_BLOCKS = YES;
				GCC_WARN_64_TO_32_BIT_CONVERSION = YES;
				GCC_WARN_ABOUT_RETURN_TYPE = YES_ERROR;
				GCC_WARN_UNDECLARED_SELECTOR = YES;
				GCC_WARN_UNINITIALIZED_AUTOS = YES_AGGRESSIVE;
				GCC_WARN_UNUSED_FUNCTION = YES;
				GCC_WARN_UNUSED_VARIABLE = YES;
				IPHONEOS_DEPLOYMENT_TARGET = 9.0;
				MTL_ENABLE_DEBUG_INFO = NO;
				SDKROOT = iphoneos;
				VALIDATE_PRODUCT = YES;
			};
			name = Release;
		};
		706286F91C05989400731008 /* Debug */ = {
			isa = XCBuildConfiguration;
			buildSettings = {
				ASSETCATALOG_COMPILER_APPICON_NAME = AppIcon;
				INFOPLIST_FILE = "通知的补充/Info.plist";
				LD_RUNPATH_SEARCH_PATHS = "$(inherited) @executable_path/Frameworks";
				PRODUCT_BUNDLE_IDENTIFIER = "xmg.-----";
				PRODUCT_NAME = "$(TARGET_NAME)";
			};
			name = Debug;
		};
		706286FA1C05989400731008 /* Release */ = {
			isa = XCBuildConfiguration;
			buildSettings = {
				ASSETCATALOG_COMPILER_APPICON_NAME = AppIcon;
				INFOPLIST_FILE = "通知的补充/Info.plist";
				LD_RUNPATH_SEARCH_PATHS = "$(inherited) @executable_path/Frameworks";
				PRODUCT_BUNDLE_IDENTIFIER = "xmg.-----";
				PRODUCT_NAME = "$(TARGET_NAME)";
			};
			name = Release;
		};
/* End XCBuildConfiguration section */

/* Begin XCConfigurationList section */
		706286DC1C05989400731008 /* Build configuration list for PBXProject "通知的补充" */ = {
			isa = XCConfigurationList;
			buildConfigurations = (
				706286F61C05989400731008 /* Debug */,
				706286F71C05989400731008 /* Release */,
			);
			defaultConfigurationIsVisible = 0;
			defaultConfigurationName = Release;
		};
		706286F81C05989400731008 /* Build configuration list for PBXNativeTarget "通知的补充" */ = {
			isa = XCConfigurationList;
			buildConfigurations = (
				706286F91C05989400731008 /* Debug */,
				706286FA1C05989400731008 /* Release */,
			);
			defaultConfigurationIsVisible = 0;
		};
/* End XCConfigurationList section */
	};
	rootObject = 706286D91C05989400731008 /* Project object */;
}
